lockfileVersion: 5.3

overrides:
  stylus: ^0.54.8
  hexo-fs: ^3.1.0

specifiers:
  hexo: ^5.3.0
  hexo-deployer-git: ^2.1.0
  hexo-generator-archive: ^1.0.0
  hexo-generator-category: ^1.0.0
  hexo-generator-feed: ^3.0.0
  hexo-generator-index: ^2.0.0
  hexo-generator-sitemap: ^2.1.0
  hexo-generator-tag: ^1.0.0
  hexo-hide-posts: ^0.1.1
  hexo-renderer-ejs: ^1.0.0
  hexo-renderer-marked: ^3.3.0
  hexo-renderer-stylus: ^2.0.1
  hexo-renderer-swig: ^1.1.0
  hexo-server: ^2.0.0

dependencies:
  hexo: 5.3.0
  hexo-deployer-git: 2.1.0
  hexo-generator-archive: 1.0.0
  hexo-generator-category: 1.0.0
  hexo-generator-feed: 3.0.0
  hexo-generator-index: 2.0.0
  hexo-generator-sitemap: 2.1.0
  hexo-generator-tag: 1.0.0
  hexo-hide-posts: 0.1.1
  hexo-renderer-ejs: 1.0.0
  hexo-renderer-marked: 3.3.0
  hexo-renderer-stylus: 2.0.1
  hexo-renderer-swig: 1.1.0
  hexo-server: 2.0.0

packages:

  /JSONStream/1.3.5:
    resolution: {integrity: sha512-E+iruNOY8VV9s4JEbe1aNEm6MiszPRr/UfcHMz0TQh1BXSxHK+ASV1R6W4HpjBhSeS+54PIsAMCBmwD06LLsqQ==}
    hasBin: true
    dependencies:
      jsonparse: 1.3.1
      through: 2.3.8
    dev: false

  /a-sync-waterfall/1.0.1:
    resolution: {integrity: sha512-RYTOHHdWipFUliRFMCS4X2Yn2X8M87V/OpSqWzKKOGhzqyUxzyVmhHDH9sAvG+ZuQf/TAOFsLCpMw09I1ufUnA==}
    dev: false

  /abbrev/1.1.1:
    resolution: {integrity: sha512-nne9/IiQ/hzIhY6pdDnbBtz7DjPTKrY00P/zvPSm5pOFkl6xuGrGnXn/VtTNNfNtAfZ9/1RtehkszU9qcTii0Q==}
    dev: false

  /accepts/1.3.7:
    resolution: {integrity: sha512-Il80Qs2WjYlJIBNzNkK6KYqlVMTbZLXgHx2oT0pU/fjRHyEp+PEfEPY0R3WCwAGVOtauxh1hOxNgIf5bv7dQpA==}
    engines: {node: '>= 0.6'}
    dependencies:
      mime-types: 2.1.28
      negotiator: 0.6.2
    dev: false

  /align-text/0.1.4:
    resolution: {integrity: sha1-DNkKVhCT810KmSVsIrcGlDP60Rc=}
    engines: {node: '>=0.10.0'}
    dependencies:
      kind-of: 3.2.2
      longest: 1.0.1
      repeat-string: 1.6.1
    dev: false

  /amdefine/1.0.1:
    resolution: {integrity: sha1-SlKCrBZHKek2Gbz9OtFR+BfOkfU=}
    engines: {node: '>=0.4.2'}
    dev: false

  /ansi-regex/5.0.0:
    resolution: {integrity: sha512-bY6fj56OUQ0hU1KjFNDQuJFezqKdrAyFdIevADiqrWHwSlbmBNMHp5ak2f40Pm8JTFyM2mqxkG6ngkHO11f/lg==}
    engines: {node: '>=8'}
    dev: false

  /ansi-styles/4.3.0:
    resolution: {integrity: sha512-zbB9rCJAT1rbjiVDb2hqKFHNYLxgtk8NURxZ3IZwD3F6NtxbXZQCnnSi1Lkx+IDohdPlFp222wVALIheZJQSEg==}
    engines: {node: '>=8'}
    dependencies:
      color-convert: 2.0.1
    dev: false

  /anymatch/3.1.1:
    resolution: {integrity: sha512-mM8522psRCqzV+6LhomX5wgp25YVibjh8Wj23I5RPkPppSVSjyKD2A2mBJmWGa+KN7f2D6LNh9jkBCeyLktzjg==}
    engines: {node: '>= 8'}
    dependencies:
      normalize-path: 3.0.0
      picomatch: 2.2.2
    dev: false

  /archy/1.0.0:
    resolution: {integrity: sha1-+cjBN1fMHde8N5rHeyxipcKGjEA=}
    dev: false

  /argparse/1.0.10:
    resolution: {integrity: sha512-o5Roy6tNG4SL/FOkCAN6RzjiakZS25RLYFrcMttJqbdd8BWrnA+fGz57iN5Pb06pvBGvl5gQ0B48dJlslXvoTg==}
    dependencies:
      sprintf-js: 1.0.3
    dev: false

  /asap/2.0.6:
    resolution: {integrity: sha1-5QNHYR1+aQlDIIu9r+vLwvuGbUY=}
    dev: false

  /async/0.2.10:
    resolution: {integrity: sha1-trvgsGdLnXGXCMo43owjfLUmw9E=}
    dev: false

  /atob/2.1.2:
    resolution: {integrity: sha512-Wm6ukoaOGJi/73p/cl2GvLjTI5JM1k/O14isD73YML8StrH/7/lRFgmg8nICZgD3bZZvjwCGxtMOD3wWNAu8cg==}
    engines: {node: '>= 4.5.0'}
    hasBin: true
    dev: false

  /balanced-match/1.0.0:
    resolution: {integrity: sha1-ibTRmasr7kneFk6gK4nORi1xt2c=}
    dev: false

  /basic-auth/2.0.1:
    resolution: {integrity: sha512-NF+epuEdnUYVlGuhaxbbq+dvJttwLnGY+YixlXlME5KpQ5W3CnXA5cVTneY3SPbPDRkcjMbifrwmFYcClgOZeg==}
    engines: {node: '>= 0.8'}
    dependencies:
      safe-buffer: 5.1.2
    dev: false

  /binary-extensions/2.2.0:
    resolution: {integrity: sha512-jDctJ/IVQbZoJykoeHbhXpOlNBqGNcwXJKJog42E5HDPUwQTSdjCHdihjj0DlnheQ7blbT6dHOafNAiS8ooQKA==}
    engines: {node: '>=8'}
    dev: false

  /bluebird/3.7.2:
    resolution: {integrity: sha512-XpNj6GDQzdfW+r2Wnn7xiSAd7TM3jzkxGXBGTtWKuSXv1xUV+azxAm8jdWZN06QTQk+2N2XB9jRDkvbmQmcRtg==}
    dev: false

  /brace-expansion/1.1.11:
    resolution: {integrity: sha512-iCuPHDFgrHX7H2vEI/5xpz07zSHB00TpugqhmYtVmMO6518mCuRMoOYFldEBl0g187ufozdaHgWKcYFb61qGiA==}
    dependencies:
      balanced-match: 1.0.0
      concat-map: 0.0.1
    dev: false

  /braces/3.0.2:
    resolution: {integrity: sha512-b8um+L1RzM3WDSzvhm6gIz1yfTbBt6YTlcEKAvsmqCZZFw46z626lVj9j1yEPW33H5H+lBQpZMP1k8l+78Ha0A==}
    engines: {node: '>=8'}
    dependencies:
      fill-range: 7.0.1
    dev: false

  /bytes/3.0.0:
    resolution: {integrity: sha1-0ygVQE1olpn4Wk6k+odV3ROpYEg=}
    engines: {node: '>= 0.8'}
    dev: false

  /camel-case/4.1.2:
    resolution: {integrity: sha512-gxGWBrTT1JuMx6R+o5PTXMmUnhnVzLQ9SNutD4YqKtI6ap897t3tKECYla6gCWEkplXnlNybEkZg9GEGxKFCgw==}
    dependencies:
      pascal-case: 3.1.2
      tslib: 2.1.0
    dev: false

  /camelcase/1.2.1:
    resolution: {integrity: sha1-m7UwTS4LVmmLLHWLCKPqqdqlijk=}
    engines: {node: '>=0.10.0'}
    dev: false

  /center-align/0.1.3:
    resolution: {integrity: sha1-qg0yYptu6XIgBBHL1EYckHvCt60=}
    engines: {node: '>=0.10.0'}
    dependencies:
      align-text: 0.1.4
      lazy-cache: 1.0.4
    dev: false

  /chalk/3.0.0:
    resolution: {integrity: sha512-4D3B6Wf41KOYRFdszmDqMCGq5VV/uMAB273JILmO+3jAlh8X4qDtdtgCR3fxtbLEMzSx22QdhnDcJvu2u1fVwg==}
    engines: {node: '>=8'}
    dependencies:
      ansi-styles: 4.3.0
      supports-color: 7.2.0
    dev: false

  /chalk/4.1.0:
    resolution: {integrity: sha512-qwx12AxXe2Q5xQ43Ac//I6v5aXTipYrSESdOgzrN+9XjgEpyjpKuvSGaN4qE93f7TQTlerQQ8S+EQ0EyDoVL1A==}
    engines: {node: '>=10'}
    dependencies:
      ansi-styles: 4.3.0
      supports-color: 7.2.0
    dev: false

  /chokidar/3.5.1:
    resolution: {integrity: sha512-9+s+Od+W0VJJzawDma/gvBNQqkTiqYTWLuZoyAsivsI4AaWTCzHG06/TMjsf1cYe9Cb97UCEhjz7HvnPk2p/tw==}
    engines: {node: '>= 8.10.0'}
    dependencies:
      anymatch: 3.1.1
      braces: 3.0.2
      glob-parent: 5.1.1
      is-binary-path: 2.1.0
      is-glob: 4.0.1
      normalize-path: 3.0.0
      readdirp: 3.5.0
    optionalDependencies:
      fsevents: 2.3.2
    dev: false

  /clipboard/2.0.6:
    resolution: {integrity: sha512-g5zbiixBRk/wyKakSwCKd7vQXDjFnAMGHoEyBogG/bw9kTD9GvdAvaoRR1ALcEzt3pVKxZR0pViekPMIS0QyGg==}
    requiresBuild: true
    dependencies:
      good-listener: 1.2.2
      select: 1.1.2
      tiny-emitter: 2.1.0
    dev: false
    optional: true

  /cliui/2.1.0:
    resolution: {integrity: sha1-S0dXYP+AJkx2LDoXGQMukcf+oNE=}
    dependencies:
      center-align: 0.1.3
      right-align: 0.1.3
      wordwrap: 0.0.2
    dev: false

  /color-convert/2.0.1:
    resolution: {integrity: sha512-RRECPsj7iu/xb5oKYcsFHSppFNnsj/52OVTRKb4zP5onXwVF3zVmmToNcOfGC+CRDpfK/U584fMg38ZHCaElKQ==}
    engines: {node: '>=7.0.0'}
    dependencies:
      color-name: 1.1.4
    dev: false

  /color-name/1.1.4:
    resolution: {integrity: sha512-dOy+3AuW3a2wNbZHIuMZpTcgjGuLU/uBL/ubcZF9OXbDo8ff4O8yVp5Bf0efS8uEoYo5q4Fx7dY9OgQGXgAsQA==}
    dev: false

  /command-exists/1.2.9:
    resolution: {integrity: sha512-LTQ/SGc+s0Xc0Fu5WaKnR0YiygZkm9eKFvyS+fRsU7/ZWFF8ykFM6Pc9aCVf1+xasOOZpO3BAVgVrKvsqKHV7w==}
    dev: false

  /commander/5.1.0:
    resolution: {integrity: sha512-P0CysNDQ7rtVw4QIQtm+MRxV66vKFSvlsQvGYXZWR3qFU0jlMKHZZZgw8e+8DSah4UDKMqnknRDQz+xuQXQ/Zg==}
    engines: {node: '>= 6'}
    dev: false

  /compressible/2.0.18:
    resolution: {integrity: sha512-AF3r7P5dWxL8MxyITRMlORQNaOA2IkAFaTr4k7BUumjPtRpGDTZpl0Pb1XCO6JeDCBdp126Cgs9sMxqSjgYyRg==}
    engines: {node: '>= 0.6'}
    dependencies:
      mime-db: 1.45.0
    dev: false

  /compression/1.7.4:
    resolution: {integrity: sha512-jaSIDzP9pZVS4ZfQ+TzvtiWhdpFhE2RDHz8QJkpX9SIpLq88VueF5jJw6t+6CUQcAoA6t+x89MLrWAqpfDE8iQ==}
    engines: {node: '>= 0.8.0'}
    dependencies:
      accepts: 1.3.7
      bytes: 3.0.0
      compressible: 2.0.18
      debug: 2.6.9
      on-headers: 1.0.2
      safe-buffer: 5.1.2
      vary: 1.1.2
    dev: false

  /concat-map/0.0.1:
    resolution: {integrity: sha1-2Klr13/Wjfd5OnMDajug1UBdR3s=}
    dev: false

  /connect/3.7.0:
    resolution: {integrity: sha512-ZqRXc+tZukToSNmh5C2iWMSoV3X1YUcPbqEM4DkEG5tNQXrQUZCNVGGv3IuicnkMtPfGf3Xtp8WCXs295iQ1pQ==}
    engines: {node: '>= 0.10.0'}
    dependencies:
      debug: 2.6.9
      finalhandler: 1.1.2
      parseurl: 1.3.3
      utils-merge: 1.0.1
    dev: false

  /cross-spawn/7.0.3:
    resolution: {integrity: sha512-iRDPJKUPVEND7dHPO8rkbOnPpyDygcDFtWjpeWNCgy8WP2rXcxXL8TskReQl6OrB2G7+UJrags1q15Fudc7G6w==}
    engines: {node: '>= 8'}
    dependencies:
      path-key: 3.1.1
      shebang-command: 2.0.0
      which: 2.0.2
    dev: false

  /css-parse/2.0.0:
    resolution: {integrity: sha1-pGjuZnwW2BzPBcWMONKpfHgNv9Q=}
    dependencies:
      css: 2.2.4
    dev: false

  /css/2.2.4:
    resolution: {integrity: sha512-oUnjmWpy0niI3x/mPL8dVEI1l7MnG3+HHyRPHf+YFSbK+svOhXpmSOcDURUh2aOCgl2grzrOPt1nHLuCVFULLw==}
    dependencies:
      inherits: 2.0.4
      source-map: 0.6.1
      source-map-resolve: 0.5.3
      urix: 0.1.0
    dev: false

  /cuid/2.1.8:
    resolution: {integrity: sha512-xiEMER6E7TlTPnDxrM4eRiC6TRgjNX9xzEZ5U/Se2YJKr7Mq4pJn/2XEHjl3STcSh96GmkHPcBXLES8M29wyyg==}
    dev: false

  /debug/2.6.9:
    resolution: {integrity: sha512-bC7ElrdJaJnPbAP+1EotYvqZsb3ecl5wi6Bfi6BJTUcNowp6cvspg0jXznRTKDjm/E7AdgFBVeAPVMNcKGsHMA==}
    dependencies:
      ms: 2.0.0
    dev: false

  /debug/3.1.0:
    resolution: {integrity: sha512-OX8XqP7/1a9cqkxYw2yXss15f26NKWBpDXQd0/uK/KPqdQhxbPa994hnzjcE2VqQpDslf55723cKPUOGSmMY3g==}
    dependencies:
      ms: 2.0.0
    dev: false

  /decamelize/1.2.0:
    resolution: {integrity: sha1-9lNNFRSCabIDUue+4m9QH5oZEpA=}
    engines: {node: '>=0.10.0'}
    dev: false

  /decode-uri-component/0.2.0:
    resolution: {integrity: sha1-6zkTMzRYd1y4TNGh+uBiEGu4dUU=}
    engines: {node: '>=0.10'}
    dev: false

  /deepmerge/4.2.2:
    resolution: {integrity: sha512-FJ3UgI4gIl+PHZm53knsuSFpE+nESMr7M4v9QcgB7S63Kj/6WqMiFQJpBBYz1Pt+66bZpP3Q7Lye0Oo9MPKEdg==}
    engines: {node: '>=0.10.0'}
    dev: false

  /delegate/3.2.0:
    resolution: {integrity: sha512-IofjkYBZaZivn0V8nnsMJGBr4jVLxHDheKSW88PyxS5QC4Vo9ZbZVvhzlSxY87fVq3STR6r+4cGepyHkcWOQSw==}
    dev: false
    optional: true

  /depd/1.1.2:
    resolution: {integrity: sha1-m81S4UwJd2PnSbJ0xDRu0uVgtak=}
    engines: {node: '>= 0.6'}
    dev: false

  /depd/2.0.0:
    resolution: {integrity: sha512-g7nH6P6dyDioJogAAGprGpCtVImJhpPk/roCzdb3fIh61/s/nPsfR6onyMwkCAR/OlC3yBC0lESvUoQEAssIrw==}
    engines: {node: '>= 0.8'}
    dev: false

  /destroy/1.0.4:
    resolution: {integrity: sha1-l4hXRCxEdJ5CBmE+N5RiBYJqvYA=}
    dev: false

  /dom-serializer/1.2.0:
    resolution: {integrity: sha512-n6kZFH/KlCrqs/1GHMOd5i2fd/beQHuehKdWvNNffbGHTr/almdhuVvTVFb3V7fglz+nC50fFusu3lY33h12pA==}
    dependencies:
      domelementtype: 2.1.0
      domhandler: 4.0.0
      entities: 2.2.0
    dev: false

  /domelementtype/2.1.0:
    resolution: {integrity: sha512-LsTgx/L5VpD+Q8lmsXSHW2WpA+eBlZ9HPf3erD1IoPF00/3JKHZ3BknUVA2QGDNu69ZNmyFmCWBSO45XjYKC5w==}
    dev: false

  /domhandler/3.3.0:
    resolution: {integrity: sha512-J1C5rIANUbuYK+FuFL98650rihynUOEzRLxW+90bKZRWB6A1X1Tf82GxR1qAWLyfNPRvjqfip3Q5tdYlmAa9lA==}
    engines: {node: '>= 4'}
    dependencies:
      domelementtype: 2.1.0
    dev: false

  /domhandler/4.0.0:
    resolution: {integrity: sha512-KPTbnGQ1JeEMQyO1iYXoagsI6so/C96HZiFyByU3T6iAzpXn8EGEvct6unm1ZGoed8ByO2oirxgwxBmqKF9haA==}
    engines: {node: '>= 4'}
    dependencies:
      domelementtype: 2.1.0
    dev: false

  /domutils/2.4.4:
    resolution: {integrity: sha512-jBC0vOsECI4OMdD0GC9mGn7NXPLb+Qt6KW1YDQzeQYRUFKmNG8lh7mO5HiELfr+lLQE7loDVI4QcAxV80HS+RA==}
    dependencies:
      dom-serializer: 1.2.0
      domelementtype: 2.1.0
      domhandler: 4.0.0
    dev: false

  /ee-first/1.1.1:
    resolution: {integrity: sha1-WQxhFWsK4vTwJVcyoViyZrxWsh0=}
    dev: false

  /ejs/2.7.4:
    resolution: {integrity: sha512-7vmuyh5+kuUyJKePhQfRQBhXV5Ce+RnaeeQArKu1EAMpL3WbgMt5WG6uQZpEVvYSSsxMXRKOewtDk9RaTKXRlA==}
    engines: {node: '>=0.10.0'}
    requiresBuild: true
    dev: false

  /encodeurl/1.0.2:
    resolution: {integrity: sha1-rT/0yG7C0CkyL1oCw6mmBslbP1k=}
    engines: {node: '>= 0.8'}
    dev: false

  /entities/2.2.0:
    resolution: {integrity: sha512-p92if5Nz619I0w+akJrLZH0MX0Pb5DX39XOwQTtXSdQQOaYH03S1uIQp4mhOZtAXrxq4ViO67YTiLBo2638o9A==}
    dev: false

  /escape-html/1.0.3:
    resolution: {integrity: sha1-Aljq5NPQwJdN4cFpGI7wBR0dGYg=}
    dev: false

  /esprima/4.0.1:
    resolution: {integrity: sha512-eGuFFw7Upda+g4p+QHvnW0RyTX/SVeJBDM/gCtMARO0cLuT2HcEKnTPvhjV6aGeqrCB/sbNop0Kszm0jsaWU4A==}
    engines: {node: '>=4'}
    hasBin: true
    dev: false

  /etag/1.8.1:
    resolution: {integrity: sha1-Qa4u62XvpiJorr/qg6x9eSmbCIc=}
    engines: {node: '>= 0.6'}
    dev: false

  /fill-range/7.0.1:
    resolution: {integrity: sha512-qOo9F+dMUmC2Lcb4BbVvnKJxTPjCm+RRpe4gDuGrzkL7mEVl/djYSu2OdQ2Pa302N4oqkSg9ir6jaLWJ2USVpQ==}
    engines: {node: '>=8'}
    dependencies:
      to-regex-range: 5.0.1
    dev: false

  /finalhandler/1.1.2:
    resolution: {integrity: sha512-aAWcW57uxVNrQZqFXjITpW3sIUQmHGG3qSb9mUah9MgMC4NeWhNOlNjXEYq3HjRAvL6arUviZGGJsBg6z0zsWA==}
    engines: {node: '>= 0.8'}
    dependencies:
      debug: 2.6.9
      encodeurl: 1.0.2
      escape-html: 1.0.3
      on-finished: 2.3.0
      parseurl: 1.3.3
      statuses: 1.5.0
      unpipe: 1.0.0
    dev: false

  /fresh/0.5.2:
    resolution: {integrity: sha1-PYyt2Q2XZWn6g1qx+OSyOhBWBac=}
    engines: {node: '>= 0.6'}
    dev: false

  /fs.realpath/1.0.0:
    resolution: {integrity: sha1-FQStJSMVjKpA20onh8sBQRmU6k8=}
    dev: false

  /fsevents/2.3.2:
    resolution: {integrity: sha512-xiqMQR4xAeHTuB9uWm+fFRcIOgKBMiOBP+eXiyT7jsgVCq1bkVygt00oASowB7EdtpOHaaPgKt812P9ab+DDKA==}
    engines: {node: ^8.16.0 || ^10.6.0 || >=11.0.0}
    os: [darwin]
    requiresBuild: true
    dev: false
    optional: true

  /function-bind/1.1.1:
    resolution: {integrity: sha512-yIovAzMX49sF8Yl58fSCWJ5svSLuaibPxXQJFLmBObTuCr0Mf1KiPopGM9NiFjiYBCbfaa2Fh6breQ6ANVTI0A==}
    dev: false

  /glob-parent/5.1.1:
    resolution: {integrity: sha512-FnI+VGOpnlGHWZxthPGR+QhR78fuiK0sNLkHQv+bL9fQi57lNNdquIbna/WrfROrolq8GK5Ek6BiMwqL/voRYQ==}
    engines: {node: '>= 6'}
    dependencies:
      is-glob: 4.0.1
    dev: false

  /glob/7.1.6:
    resolution: {integrity: sha512-LwaxwyZ72Lk7vZINtNNrywX0ZuLyStrdDtabefZKAY5ZGJhVtgdznluResxNmPitE0SAO+O26sWTHeKSI2wMBA==}
    dependencies:
      fs.realpath: 1.0.0
      inflight: 1.0.6
      inherits: 2.0.4
      minimatch: 3.0.4
      once: 1.4.0
      path-is-absolute: 1.0.1
    dev: false

  /good-listener/1.2.2:
    resolution: {integrity: sha1-1TswzfkxPf+33JoNR3CWqm0UXFA=}
    dependencies:
      delegate: 3.2.0
    dev: false
    optional: true

  /graceful-fs/4.2.5:
    resolution: {integrity: sha512-kBBSQbz2K0Nyn+31j/w36fUfxkBW9/gfwRWdUY1ULReH3iokVJgddZAFcD1D0xlgTmFxJCbUkUclAlc6/IDJkw==}
    dev: false

  /has-flag/4.0.0:
    resolution: {integrity: sha512-EykJT/Q1KjTWctppgIAgfSO0tKVuZUjhgMr17kqTumMl6Afv3EISleU7qZUzoXDFTAHTDC4NOoG/ZxU3EvlMPQ==}
    engines: {node: '>=8'}
    dev: false

  /has/1.0.3:
    resolution: {integrity: sha512-f2dvO0VU6Oej7RkWJGrehjbzMAjFp5/VKPp5tTpWIV4JHHZK1/BxbFRtf/siA2SWTe09caDmVtYYzWEIbBS4zw==}
    engines: {node: '>= 0.4.0'}
    dependencies:
      function-bind: 1.1.1
    dev: false

  /hexo-cli/4.2.0:
    resolution: {integrity: sha512-NJQYKnD41KUlNZzEyi8wDzPeGhrjwLLTa05dtkwq+lJch+j9idZTh4dgn3w/82o6Q/zygn+ibO1XvihMfFdSfw==}
    engines: {node: '>=10.13.0'}
    hasBin: true
    dependencies:
      abbrev: 1.1.1
      bluebird: 3.7.2
      chalk: 4.1.0
      command-exists: 1.2.9
      hexo-fs: 3.1.0
      hexo-log: 2.0.0
      hexo-util: 2.4.0
      minimist: 1.2.5
      resolve: 1.19.0
      tildify: 2.0.0
    dev: false

  /hexo-deployer-git/2.1.0:
    resolution: {integrity: sha512-0rx8YVd1UrwD9vUzIPrB7mljLdcmUv0zRj3MAMCBxY7HqI2RM5ZEV0uKxi34qB7LYA80BNl3FWHl2ghO/tKVTA==}
    engines: {node: '>=8.6.0'}
    dependencies:
      bluebird: 3.7.2
      chalk: 3.0.0
      hexo-fs: 3.1.0
      hexo-util: 1.9.1
      moment: 2.29.1
      swig-templates: 2.0.3
    dev: false

  /hexo-front-matter/2.0.0:
    resolution: {integrity: sha512-IR3tjAyK2Ga/0a/WDAoNy5+n3ju2/mkuAsCDEeGgGLf5+7kkiOkkG/FrnueuYgz0h2MPfWDLBiDsSTCmB0sLCA==}
    engines: {node: '>=10.13.0'}
    dependencies:
      js-yaml: 3.14.1
    dev: false

  /hexo-fs/3.1.0:
    resolution: {integrity: sha512-SfoDH7zlU9Iop+bAfEONXezbNIkpVX1QqjNCBYpapilZR+xVOCfTEdlNixanrKBbLGPb2fXqrdDBFgrKuiVGQQ==}
    engines: {node: '>=10.13.0'}
    dependencies:
      bluebird: 3.7.2
      chokidar: 3.5.1
      graceful-fs: 4.2.5
      hexo-util: 2.4.0
    dev: false

  /hexo-generator-archive/1.0.0:
    resolution: {integrity: sha512-24TeanDGpMBUIq37DHpSESQbeN6ssZ06edsGSI76tN4Yit50TgsgzP5g5DSu0yJk0jUtHJntysWE8NYAlFXibA==}
    engines: {node: '>=8.6.0'}
    dependencies:
      hexo-pagination: 1.0.0
    dev: false

  /hexo-generator-category/1.0.0:
    resolution: {integrity: sha512-kmtwT1SHYL2ismbGnYQXNtqLFSeTdtHNbJIqno3LKROpCK8ybST5QVXF1bZI9LkFcXV/H8ilt8gfg4/dNNcQQQ==}
    engines: {node: '>=8.6.0'}
    dependencies:
      hexo-pagination: 1.0.0
    dev: false

  /hexo-generator-feed/3.0.0:
    resolution: {integrity: sha512-Jo35VSRSNeMitS2JmjCq3OHAXXYU4+JIODujHtubdG/NRj2++b3Tgyz9pwTmROx6Yxr2php/hC8og5AGZHh8UQ==}
    engines: {node: '>=10.13.0'}
    dependencies:
      hexo-util: 2.4.0
      nunjucks: 3.2.2
    dev: false

  /hexo-generator-index/2.0.0:
    resolution: {integrity: sha512-q/29Vj9BZs0dwBcF+s9IT8ymS4aYZsDwBEYDnh96C8tsX+KPY5v6TzCdttz58BchifaJpP/l9mi6u9rZuYqA0g==}
    engines: {node: '>=10.13.0'}
    dependencies:
      hexo-pagination: 1.0.0
      timsort: 0.3.0
    dev: false

  /hexo-generator-sitemap/2.1.0:
    resolution: {integrity: sha512-3+gF9lFdTJ67A65Z2f517DGmtloDX7ZwMmJUJxvv2tF+a8Hr6Kg9K/DXqOBpM39A/y9eqoGfQ3bmLlBx9rynTg==}
    engines: {node: '>=10.13.0'}
    dependencies:
      hexo-util: 2.4.0
      micromatch: 4.0.2
      nunjucks: 3.2.2
    dev: false

  /hexo-generator-tag/1.0.0:
    resolution: {integrity: sha512-JDoB2T1EncRlyGSjuAhkGxRfKkN8tq0i8tFlk9I4q2L6iYxPaUnFenhji0oxufTADC16/IchuPjmMk//dt8Msg==}
    engines: {node: '>=8.6.0'}
    dependencies:
      hexo-pagination: 1.0.0
    dev: false

  /hexo-hide-posts/0.1.1:
    resolution: {integrity: sha512-6r6zoPUHrR1+0Yzgmwzl+kKlOIqMaqx87TLWOLFTVHlNDu+CxcBLXaeRbcvkH1bWF77vUVYmlX+n+bGiLE6t5A==}
    dev: false

  /hexo-i18n/1.0.0:
    resolution: {integrity: sha512-yw90JHr7ybUHN/QOkpHmlWJj1luVk5/v8CUU5NRA0n4TFp6av8NT7ujZ10GDawgnQEdMHnN5PUfAbNIVGR6axg==}
    engines: {node: '>=8.6.0'}
    dependencies:
      sprintf-js: 1.1.2
    dev: false

  /hexo-log/2.0.0:
    resolution: {integrity: sha512-U7zdDae74pXcyhQEyNmpJdq3UI6zWKxQ7/zLoMr/d3CBRdIfB5yO8DWqKUnewfibYv0gODyTWUIhxQDWuwloow==}
    engines: {node: '>=10.13.0'}
    dependencies:
      chalk: 4.1.0
    dev: false

  /hexo-pagination/1.0.0:
    resolution: {integrity: sha512-miEVFgxchPr2qNWxw0JWpJ9R/Yaf7HjHBZVjvCCcqfbsLyYtCvIfJDxcEwz1sDOC/fLzYPqNnhUI73uNxBHRSA==}
    engines: {node: '>=8.6.0'}
    dev: false

  /hexo-renderer-ejs/1.0.0:
    resolution: {integrity: sha512-O925i69FG4NYO62oWORcPhRZZX0sPx1SXGKUS5DaR/lzajyiXH5i2sqnkj0ya0rNLXIy/D7Xmt7WbFyuQx/kKQ==}
    engines: {node: '>=8.6.0'}
    dependencies:
      ejs: 2.7.4
    dev: false

  /hexo-renderer-marked/3.3.0:
    resolution: {integrity: sha512-U2EomSjsrixQXqqpZ3hYThLpKLg4RSC5hC6dwr/SZG/1LxKKfMoLA48wKgx+xSgzkydye0IBDJ+UAQPLaTfCdw==}
    engines: {node: '>=10.13.0'}
    dependencies:
      hexo-util: 2.4.0
      marked: 1.2.9
    dev: false

  /hexo-renderer-stylus/2.0.1:
    resolution: {integrity: sha512-1S4AG8RtzWqVrqKIYv2AJ4UYms5SHDjkdYS7IiGwgUejL24agbTktpAbnH2cG1JWZ15SRqYN0UGB9aAoSAgvEA==}
    engines: {node: '>=10.13.0'}
    dependencies:
      nib: 1.1.2
      stylus: 0.54.8
    dev: false

  /hexo-renderer-swig/1.1.0:
    resolution: {integrity: sha1-9JN2Sa7fJTBKxRt/oTLS/iRmULc=}
    dependencies:
      swig: 1.4.2
      swig-extras: 0.0.1
    dev: false

  /hexo-server/2.0.0:
    resolution: {integrity: sha512-GnxCU0hjepjmqMENcKOKxpzOajb9YrjQczWsZPXU25l5Ze+M9KJLSVljIRFR+ikDRIPDtXaUY2WgYrWPbNEGfg==}
    engines: {node: '>=10.13.0'}
    dependencies:
      bluebird: 3.7.2
      chalk: 4.1.0
      compression: 1.7.4
      connect: 3.7.0
      mime: 2.5.0
      morgan: 1.10.0
      open: 7.4.0
      serve-static: 1.14.1
    dev: false

  /hexo-util/1.9.1:
    resolution: {integrity: sha512-B6+nVi4Zpy7NPzlIcTLn9YBGb2Ly0q11mRzg6DyFWg0IfcrfF4tlWO0vRXqJVhvRyg+tIfUihmgypkiUW1IjNQ==}
    engines: {node: '>=8.6.0'}
    dependencies:
      bluebird: 3.7.2
      camel-case: 4.1.2
      cross-spawn: 7.0.3
      deepmerge: 4.2.2
      highlight.js: 9.18.5
      htmlparser2: 4.1.0
      prismjs: 1.23.0
      punycode.js: 2.1.0
      strip-indent: 3.0.0
      striptags: 3.1.1
    dev: false

  /hexo-util/2.4.0:
    resolution: {integrity: sha512-IPQvAyn0cznYMU2gskMiZ6LZEvN7wHNusrJoYxrir4f7S7POpZeDTBswiko9R1qqd+/hu07wUYZdm4ceTTCEaA==}
    engines: {node: '>=10.13.0'}
    dependencies:
      bluebird: 3.7.2
      camel-case: 4.1.2
      cross-spawn: 7.0.3
      deepmerge: 4.2.2
      highlight.js: 10.5.0
      htmlparser2: 4.1.0
      prismjs: 1.23.0
      strip-indent: 3.0.0
      striptags: 3.1.1
    dev: false

  /hexo/5.3.0:
    resolution: {integrity: sha512-Q8JPpXYDemyIzRIjRx3555HALvnOqIeCj4NnW6T8aiZpi9hgZxTnpFDY2fBPdKIPNc5GvP4mL/705znxAM8kcA==}
    engines: {node: '>=10.13.0'}
    hasBin: true
    dependencies:
      abbrev: 1.1.1
      archy: 1.0.0
      bluebird: 3.7.2
      chalk: 4.1.0
      hexo-cli: 4.2.0
      hexo-front-matter: 2.0.0
      hexo-fs: 3.1.0
      hexo-i18n: 1.0.0
      hexo-log: 2.0.0
      hexo-util: 2.4.0
      js-yaml: 3.14.1
      micromatch: 4.0.2
      moment: 2.29.1
      moment-timezone: 0.5.33
      nunjucks: 3.2.2
      pretty-hrtime: 1.0.3
      resolve: 1.19.0
      strip-ansi: 6.0.0
      text-table: 0.2.0
      tildify: 2.0.0
      titlecase: 1.1.3
      warehouse: 4.0.0
    dev: false

  /highlight.js/10.5.0:
    resolution: {integrity: sha512-xTmvd9HiIHR6L53TMC7TKolEj65zG1XU+Onr8oi86mYa+nLcIbxTTWkpW7CsEwv/vK7u1zb8alZIMLDqqN6KTw==}
    dev: false

  /highlight.js/9.18.5:
    resolution: {integrity: sha512-a5bFyofd/BHCX52/8i8uJkjr9DYwXIPnM/plwI6W7ezItLGqzt7X2G2nXuYSfsIJdkwwj/g9DG1LkcGJI/dDoA==}
    deprecated: Support has ended for 9.x series. Upgrade to @latest
    requiresBuild: true
    dev: false

  /htmlparser2/4.1.0:
    resolution: {integrity: sha512-4zDq1a1zhE4gQso/c5LP1OtrhYTncXNSpvJYtWJBtXAETPlMfi3IFNjGuQbYLuVY4ZR0QMqRVvo4Pdy9KLyP8Q==}
    dependencies:
      domelementtype: 2.1.0
      domhandler: 3.3.0
      domutils: 2.4.4
      entities: 2.2.0
    dev: false

  /http-errors/1.7.3:
    resolution: {integrity: sha512-ZTTX0MWrsQ2ZAhA1cejAwDLycFsd7I7nVtnkT3Ol0aqodaKW+0CTZDQ1uBv5whptCnc8e8HeRRJxRs0kmm/Qfw==}
    engines: {node: '>= 0.6'}
    dependencies:
      depd: 1.1.2
      inherits: 2.0.4
      setprototypeof: 1.1.1
      statuses: 1.5.0
      toidentifier: 1.0.0
    dev: false

  /inflight/1.0.6:
    resolution: {integrity: sha1-Sb1jMdfQLQwJvJEKEHW6gWW1bfk=}
    dependencies:
      once: 1.4.0
      wrappy: 1.0.2
    dev: false

  /inherits/2.0.4:
    resolution: {integrity: sha512-k/vGaX4/Yla3WzyMCvTQOXYeIHvqOKtnqBduzTHpzpQZzAskKMhZ2K+EnBiSM9zGSoIFeMpXKxa4dYeZIQqewQ==}
    dev: false

  /is-binary-path/2.1.0:
    resolution: {integrity: sha512-ZMERYes6pDydyuGidse7OsHxtbI7WVeUEozgR/g7rd0xUimYNlvZRE/K2MgZTjWy725IfelLeVcEM97mmtRGXw==}
    engines: {node: '>=8'}
    dependencies:
      binary-extensions: 2.2.0
    dev: false

  /is-buffer/1.1.6:
    resolution: {integrity: sha512-NcdALwpXkTm5Zvvbk7owOUSvVvBKDgKP5/ewfXEznmQFfs4ZRmanOeKBTjRVjka3QFoN6XJ+9F3USqfHqTaU5w==}
    dev: false

  /is-core-module/2.2.0:
    resolution: {integrity: sha512-XRAfAdyyY5F5cOXn7hYQDqh2Xmii+DEfIcQGxK/uNwMHhIkPWO0g8msXcbzLe+MpGoR951MlqM/2iIlU4vKDdQ==}
    dependencies:
      has: 1.0.3
    dev: false

  /is-docker/2.1.1:
    resolution: {integrity: sha512-ZOoqiXfEwtGknTiuDEy8pN2CfE3TxMHprvNer1mXiqwkOT77Rw3YVrUQ52EqAOU3QAWDQ+bQdx7HJzrv7LS2Hw==}
    engines: {node: '>=8'}
    hasBin: true
    dev: false

  /is-extglob/2.1.1:
    resolution: {integrity: sha1-qIwCU1eR8C7TfHahueqXc8gz+MI=}
    engines: {node: '>=0.10.0'}
    dev: false

  /is-glob/4.0.1:
    resolution: {integrity: sha512-5G0tKtBTFImOqDnLB2hG6Bp2qcKEFduo4tZu9MT/H6NQv/ghhy30o55ufafxJ/LdH79LLs2Kfrn85TLKyA7BUg==}
    engines: {node: '>=0.10.0'}
    dependencies:
      is-extglob: 2.1.1
    dev: false

  /is-number/7.0.0:
    resolution: {integrity: sha512-41Cifkg6e8TylSpdtTpeLVMqvSBEVzTttHvERD741+pnZ8ANv0004MRL43QKPDlK9cGvNp6NZWZUBlbGXYxxng==}
    engines: {node: '>=0.12.0'}
    dev: false

  /is-plain-object/3.0.1:
    resolution: {integrity: sha512-Xnpx182SBMrr/aBik8y+GuR4U1L9FqMSojwDQwPMmxyC6bvEqly9UBCxhauBF5vNh2gwWJNX6oDV7O+OM4z34g==}
    engines: {node: '>=0.10.0'}
    dev: false

  /is-wsl/2.2.0:
    resolution: {integrity: sha512-fKzAra0rGJUUBwGBgNkHZuToZcn+TtXHpeCgmkMJMMYx1sQDYaCSyjJBSCa2nH1DGm7s3n1oBnohoVTBaN7Lww==}
    engines: {node: '>=8'}
    dependencies:
      is-docker: 2.1.1
    dev: false

  /isexe/2.0.0:
    resolution: {integrity: sha1-6PvzdNxVb/iUehDcsFctYz8s+hA=}
    dev: false

  /js-yaml/3.14.1:
    resolution: {integrity: sha512-okMH7OXXJ7YrN9Ok3/SXrnu4iX9yOk+25nqX4imS2npuvTYDmo/QEZoqwZkYaIDk3jVvBOTOIEgEhaLOynBS9g==}
    hasBin: true
    dependencies:
      argparse: 1.0.10
      esprima: 4.0.1
    dev: false

  /jsonparse/1.3.1:
    resolution: {integrity: sha1-P02uSpH6wxX3EGL4UhzCOfE2YoA=}
    engines: {'0': node >= 0.2.0}
    dev: false

  /kind-of/3.2.2:
    resolution: {integrity: sha1-MeohpzS6ubuw8yRm2JOupR5KPGQ=}
    engines: {node: '>=0.10.0'}
    dependencies:
      is-buffer: 1.1.6
    dev: false

  /lazy-cache/1.0.4:
    resolution: {integrity: sha1-odePw6UEdMuAhF07O24dpJpEbo4=}
    engines: {node: '>=0.10.0'}
    dev: false

  /longest/1.0.1:
    resolution: {integrity: sha1-MKCy2jj3N3DoKUoNIuZiXtd9AJc=}
    engines: {node: '>=0.10.0'}
    dev: false

  /lower-case/2.0.2:
    resolution: {integrity: sha512-7fm3l3NAF9WfN6W3JOmf5drwpVqX78JtoGJ3A6W0a6ZnldM41w2fV5D490psKFTpMds8TJse/eHLFFsNHHjHgg==}
    dependencies:
      tslib: 2.1.0
    dev: false

  /markdown/0.5.0:
    resolution: {integrity: sha1-KCBbVlqK51kt4gdGPWY33BgnIrI=}
    hasBin: true
    dependencies:
      nopt: 2.1.2
    dev: false

  /marked/1.2.9:
    resolution: {integrity: sha512-H8lIX2SvyitGX+TRdtS06m1jHMijKN/XjfH6Ooii9fvxMlh8QdqBfBDkGUpMWH2kQNrtixjzYUa3SH8ROTgRRw==}
    engines: {node: '>= 8.16.2'}
    hasBin: true
    dev: false

  /micromatch/4.0.2:
    resolution: {integrity: sha512-y7FpHSbMUMoyPbYUSzO6PaZ6FyRnQOpHuKwbo1G+Knck95XVU4QAiKdGEnj5wwoS7PlOgthX/09u5iFJ+aYf5Q==}
    engines: {node: '>=8'}
    dependencies:
      braces: 3.0.2
      picomatch: 2.2.2
    dev: false

  /mime-db/1.45.0:
    resolution: {integrity: sha512-CkqLUxUk15hofLoLyljJSrukZi8mAtgd+yE5uO4tqRZsdsAJKv0O+rFMhVDRJgozy+yG6md5KwuXhD4ocIoP+w==}
    engines: {node: '>= 0.6'}
    dev: false

  /mime-types/2.1.28:
    resolution: {integrity: sha512-0TO2yJ5YHYr7M2zzT7gDU1tbwHxEUWBCLt0lscSNpcdAfFyJOVEpRYNS7EXVcTLNj/25QO8gulHC5JtTzSE2UQ==}
    engines: {node: '>= 0.6'}
    dependencies:
      mime-db: 1.45.0
    dev: false

  /mime/1.6.0:
    resolution: {integrity: sha512-x0Vn8spI+wuJ1O6S7gnbaQg8Pxh4NNHb7KSINmEWKiPE4RKOplvijn+NkmYmmRgP68mc70j2EbeTFRsrswaQeg==}
    engines: {node: '>=4'}
    hasBin: true
    dev: false

  /mime/2.5.0:
    resolution: {integrity: sha512-ft3WayFSFUVBuJj7BMLKAQcSlItKtfjsKDDsii3rqFDAZ7t11zRe8ASw/GlmivGwVUYtwkQrxiGGpL6gFvB0ag==}
    engines: {node: '>=4.0.0'}
    hasBin: true
    dev: false

  /min-indent/1.0.1:
    resolution: {integrity: sha512-I9jwMn07Sy/IwOj3zVkVik2JTvgpaykDZEigL6Rx6N9LbMywwUSMtxET+7lVoDLLd3O3IXwJwvuuns8UB/HeAg==}
    engines: {node: '>=4'}
    dev: false

  /minimatch/3.0.4:
    resolution: {integrity: sha512-yJHVQEhyqPLUTgt9B83PXu6W3rx4MvvHvSUvToogpwoGDOUQ+yDrR0HRot+yOCdCO7u4hX3pWft6kWBBcqh0UA==}
    dependencies:
      brace-expansion: 1.1.11
    dev: false

  /minimist/0.0.10:
    resolution: {integrity: sha1-3j+YVD2/lggr5IrRoMfNqDYwHc8=}
    dev: false

  /minimist/1.2.5:
    resolution: {integrity: sha512-FM9nNUYrRBAELZQT3xeZQ7fmMOBg6nWNmJKTcgsJeaLstP/UODVpGsr5OhXhhXg6f+qtJ8uiZ+PUxkDWcgIXLw==}
    dev: false

  /mkdirp/1.0.4:
    resolution: {integrity: sha512-vVqVZQyf3WLx2Shd0qJ9xuvqgAyKPLAiqITEtqW0oIUjzo3PePDd6fW9iFz30ef7Ysp/oiWqbhszeGWW2T6Gzw==}
    engines: {node: '>=10'}
    hasBin: true
    dev: false

  /moment-timezone/0.5.33:
    resolution: {integrity: sha512-PTc2vcT8K9J5/9rDEPe5czSIKgLoGsH8UNpA4qZTVw0Vd/Uz19geE9abbIOQKaAQFcnQ3v5YEXrbSc5BpshH+w==}
    dependencies:
      moment: 2.29.1
    dev: false

  /moment/2.29.1:
    resolution: {integrity: sha512-kHmoybcPV8Sqy59DwNDY3Jefr64lK/by/da0ViFcuA4DH0vQg5Q6Ze5VimxkfQNSC+Mls/Kx53s7TjP1RhFEDQ==}
    dev: false

  /morgan/1.10.0:
    resolution: {integrity: sha512-AbegBVI4sh6El+1gNwvD5YIck7nSA36weD7xvIxG4in80j/UoK8AEGaWnnz8v1GxonMCltmlNs5ZKbGvl9b1XQ==}
    engines: {node: '>= 0.8.0'}
    dependencies:
      basic-auth: 2.0.1
      debug: 2.6.9
      depd: 2.0.0
      on-finished: 2.3.0
      on-headers: 1.0.2
    dev: false

  /ms/2.0.0:
    resolution: {integrity: sha1-VgiurfwAvmwpAd9fmGF4jeDVl8g=}
    dev: false

  /ms/2.1.1:
    resolution: {integrity: sha512-tgp+dl5cGk28utYktBsrFqA7HKgrhgPsg6Z/EfhWI4gl1Hwq8B/GmY/0oXZ6nF8hDVesS/FpnYaD/kOWhYQvyg==}
    dev: false

  /negotiator/0.6.2:
    resolution: {integrity: sha512-hZXc7K2e+PgeI1eDBe/10Ard4ekbfrrqG8Ep+8Jmf4JID2bNg7NvCPOZN+kfF574pFQI7mum2AUqDidoKqcTOw==}
    engines: {node: '>= 0.6'}
    dev: false

  /nib/1.1.2:
    resolution: {integrity: sha1-amnt5AgblcDe+L4CSkyK4MLLtsc=}
    dependencies:
      stylus: 0.54.8
    dev: false

  /no-case/3.0.4:
    resolution: {integrity: sha512-fgAN3jGAh+RoxUGZHTSOLJIqUc2wmoBwGR4tbpNAKmmovFoWq0OdRkb0VkldReO2a2iBT/OEulG9XSUc10r3zg==}
    dependencies:
      lower-case: 2.0.2
      tslib: 2.1.0
    dev: false

  /nopt/2.1.2:
    resolution: {integrity: sha1-bMzZd7gBMqB3MdbozljCyDA8+a8=}
    hasBin: true
    dependencies:
      abbrev: 1.1.1
    dev: false

  /normalize-path/3.0.0:
    resolution: {integrity: sha512-6eZs5Ls3WtCisHWp9S2GUy8dqkpGi4BVSz3GaqiE6ezub0512ESztXUwUB6C6IKbQkY2Pnb/mD4WYojCRwcwLA==}
    engines: {node: '>=0.10.0'}
    dev: false

  /nunjucks/3.2.2:
    resolution: {integrity: sha512-KUi85OoF2NMygwODAy28Lh9qHmq5hO3rBlbkYoC8v377h4l8Pt5qFjILl0LWpMbOrZ18CzfVVUvIHUIrtED3sA==}
    engines: {node: '>= 6.9.0'}
    hasBin: true
    dependencies:
      a-sync-waterfall: 1.0.1
      asap: 2.0.6
      commander: 5.1.0
    optionalDependencies:
      chokidar: 3.5.1
    dev: false

  /on-finished/2.3.0:
    resolution: {integrity: sha1-IPEzZIGwg811M3mSoWlxqi2QaUc=}
    engines: {node: '>= 0.8'}
    dependencies:
      ee-first: 1.1.1
    dev: false

  /on-headers/1.0.2:
    resolution: {integrity: sha512-pZAE+FJLoyITytdqK0U5s+FIpjN0JP3OzFi/u8Rx+EV5/W+JTWGXG8xFzevE7AjBfDqHv/8vL8qQsIhHnqRkrA==}
    engines: {node: '>= 0.8'}
    dev: false

  /once/1.4.0:
    resolution: {integrity: sha1-WDsap3WWHUsROsF9nFC6753Xa9E=}
    dependencies:
      wrappy: 1.0.2
    dev: false

  /open/7.4.0:
    resolution: {integrity: sha512-PGoBCX/lclIWlpS/R2PQuIR4NJoXh6X5AwVzE7WXnWRGvHg7+4TBCgsujUgiPpm0K1y4qvQeWnCWVTpTKZBtvA==}
    engines: {node: '>=8'}
    dependencies:
      is-docker: 2.1.1
      is-wsl: 2.2.0
    dev: false

  /optimist/0.6.1:
    resolution: {integrity: sha1-2j6nRob6IaGaERwybpDrFaAZZoY=}
    dependencies:
      minimist: 0.0.10
      wordwrap: 0.0.3
    dev: false

  /parseurl/1.3.3:
    resolution: {integrity: sha512-CiyeOxFT/JZyN5m0z9PfXw4SCBJ6Sygz1Dpl0wqjlhDEGGBP1GnsUVEL0p63hoG1fcj3fHynXi9NYO4nWOL+qQ==}
    engines: {node: '>= 0.8'}
    dev: false

  /pascal-case/3.1.2:
    resolution: {integrity: sha512-uWlGT3YSnK9x3BQJaOdcZwrnV6hPpd8jFH1/ucpiLRPh/2zCVJKS19E4GvYHvaCcACn3foXZ0cLB9Wrx1KGe5g==}
    dependencies:
      no-case: 3.0.4
      tslib: 2.1.0
    dev: false

  /path-is-absolute/1.0.1:
    resolution: {integrity: sha1-F0uSaHNVNP+8es5r9TpanhtcX18=}
    engines: {node: '>=0.10.0'}
    dev: false

  /path-key/3.1.1:
    resolution: {integrity: sha512-ojmeN0qd+y0jszEtoY48r0Peq5dwMEkIlCOu6Q5f41lfkswXuKtYrhgoTpLnyIcHm24Uhqx+5Tqm2InSwLhE6Q==}
    engines: {node: '>=8'}
    dev: false

  /path-parse/1.0.6:
    resolution: {integrity: sha512-GSmOT2EbHrINBf9SR7CDELwlJ8AENk3Qn7OikK4nFYAu3Ote2+JYNVvkpAEQm3/TLNEJFD/xZJjzyxg3KBWOzw==}
    dev: false

  /picomatch/2.2.2:
    resolution: {integrity: sha512-q0M/9eZHzmr0AulXyPwNfZjtwZ/RBZlbN3K3CErVrk50T2ASYI7Bye0EvekFY3IP1Nt2DHu0re+V2ZHIpMkuWg==}
    engines: {node: '>=8.6'}
    dev: false

  /pretty-hrtime/1.0.3:
    resolution: {integrity: sha1-t+PqQkNaTJsnWdmeDyAesZWALuE=}
    engines: {node: '>= 0.8'}
    dev: false

  /prismjs/1.23.0:
    resolution: {integrity: sha512-c29LVsqOaLbBHuIbsTxaKENh1N2EQBOHaWv7gkHN4dgRbxSREqDnDbtFJYdpPauS4YCplMSNCABQ6Eeor69bAA==}
    optionalDependencies:
      clipboard: 2.0.6
    dev: false

  /punycode.js/2.1.0:
    resolution: {integrity: sha512-LvGUJ9QHiESLM4yn8JuJWicstRcJKRmP46psQw1HvCZ9puLFwYMKJWvkAkP3OHBVzNzZGx/D53EYJrIaKd9gZQ==}
    engines: {node: '>=6'}
    dev: false

  /range-parser/1.2.1:
    resolution: {integrity: sha512-Hrgsx+orqoygnmhFbKaHE6c296J+HTAQXoxEF6gNupROmmGJRoyzfG3ccAveqCBrwr/2yxQ5BVd/GTl5agOwSg==}
    engines: {node: '>= 0.6'}
    dev: false

  /readdirp/3.5.0:
    resolution: {integrity: sha512-cMhu7c/8rdhkHXWsY+osBhfSy0JikwpHK/5+imo+LpeasTF8ouErHrlYkwT0++njiyuDvc7OFY5T3ukvZ8qmFQ==}
    engines: {node: '>=8.10.0'}
    dependencies:
      picomatch: 2.2.2
    dev: false

  /repeat-string/1.6.1:
    resolution: {integrity: sha1-jcrkcOHIirwtYA//Sndihtp15jc=}
    engines: {node: '>=0.10'}
    dev: false

  /resolve-url/0.2.1:
    resolution: {integrity: sha1-LGN/53yJOv0qZj/iGqkIAGjiBSo=}
    deprecated: https://github.com/lydell/resolve-url#deprecated
    dev: false

  /resolve/1.19.0:
    resolution: {integrity: sha512-rArEXAgsBG4UgRGcynxWIWKFvh/XZCcS8UJdHhwy91zwAvCZIbcs+vAbflgBnNjYMs/i/i+/Ux6IZhML1yPvxg==}
    dependencies:
      is-core-module: 2.2.0
      path-parse: 1.0.6
    dev: false

  /rfdc/1.2.0:
    resolution: {integrity: sha512-ijLyszTMmUrXvjSooucVQwimGUk84eRcmCuLV8Xghe3UO85mjUtRAHRyoMM6XtyqbECaXuBWx18La3523sXINA==}
    dev: false

  /right-align/0.1.3:
    resolution: {integrity: sha1-YTObci/mo1FWiSENJOFMlhSGE+8=}
    engines: {node: '>=0.10.0'}
    dependencies:
      align-text: 0.1.4
    dev: false

  /safe-buffer/5.1.2:
    resolution: {integrity: sha512-Gd2UZBJDkXlY7GbJxfsE8/nvKkUEU1G38c1siN6QP6a9PT9MmHB8GnpscSmMJSoF8LOIrt8ud/wPtojys4G6+g==}
    dev: false

  /safer-buffer/2.1.2:
    resolution: {integrity: sha512-YZo3K82SD7Riyi0E1EQPojLz7kpepnSQI9IyPbHHg1XXXevb5dJI7tpyN2ADxGcQbHG7vcyRHk0cbwqcQriUtg==}
    dev: false

  /sax/1.2.4:
    resolution: {integrity: sha512-NqVDv9TpANUjFm0N8uM5GxL36UgKi9/atZw+x7YFnQ8ckwFGKrl4xX4yWtrey3UJm5nP1kUbnYgLopqWNSRhWw==}
    dev: false

  /select/1.1.2:
    resolution: {integrity: sha1-DnNQrN7ICxEIUoeG7B1EGNEbOW0=}
    dev: false
    optional: true

  /semver/6.3.0:
    resolution: {integrity: sha512-b39TBaTSfV6yBrapU89p5fKekE2m/NwnDocOVruQFS1/veMgdzuPcnOM34M6CwxW8jH/lxEa5rBoDeUwu5HHTw==}
    hasBin: true
    dev: false

  /send/0.17.1:
    resolution: {integrity: sha512-BsVKsiGcQMFwT8UxypobUKyv7irCNRHk1T0G680vk88yf6LBByGcZJOTJCrTP2xVN6yI+XjPJcNuE3V4fT9sAg==}
    engines: {node: '>= 0.8.0'}
    dependencies:
      debug: 2.6.9
      depd: 1.1.2
      destroy: 1.0.4
      encodeurl: 1.0.2
      escape-html: 1.0.3
      etag: 1.8.1
      fresh: 0.5.2
      http-errors: 1.7.3
      mime: 1.6.0
      ms: 2.1.1
      on-finished: 2.3.0
      range-parser: 1.2.1
      statuses: 1.5.0
    dev: false

  /serve-static/1.14.1:
    resolution: {integrity: sha512-JMrvUwE54emCYWlTI+hGrGv5I8dEwmco/00EvkzIIsR7MqrHonbD9pO2MOfFnpFntl7ecpZs+3mW+XbQZu9QCg==}
    engines: {node: '>= 0.8.0'}
    dependencies:
      encodeurl: 1.0.2
      escape-html: 1.0.3
      parseurl: 1.3.3
      send: 0.17.1
    dev: false

  /setprototypeof/1.1.1:
    resolution: {integrity: sha512-JvdAWfbXeIGaZ9cILp38HntZSFSo3mWg6xGcJJsd+d4aRMOqauag1C63dJfDw7OaMYwEbHMOxEZ1lqVRYP2OAw==}
    dev: false

  /shebang-command/2.0.0:
    resolution: {integrity: sha512-kHxr2zZpYtdmrN1qDjrrX/Z1rR1kG8Dx+gkpK1G4eXmvXswmcE1hTWBWYUzlraYw1/yZp6YuDY77YtvbN0dmDA==}
    engines: {node: '>=8'}
    dependencies:
      shebang-regex: 3.0.0
    dev: false

  /shebang-regex/3.0.0:
    resolution: {integrity: sha512-7++dFhtcx3353uBaq8DDR4NuxBetBzC7ZQOhmTQInHEd6bSrXdiEyzCvG07Z44UYdLShWUyXt5M/yhz8ekcb1A==}
    engines: {node: '>=8'}
    dev: false

  /source-map-resolve/0.5.3:
    resolution: {integrity: sha512-Htz+RnsXWk5+P2slx5Jh3Q66vhQj1Cllm0zvnaY98+NFx+Dv2CF/f5O/t8x+KaNdrdIAsruNzoh/KpialbqAnw==}
    dependencies:
      atob: 2.1.2
      decode-uri-component: 0.2.0
      resolve-url: 0.2.1
      source-map-url: 0.4.1
      urix: 0.1.0
    dev: false

  /source-map-url/0.4.1:
    resolution: {integrity: sha512-cPiFOTLUKvJFIg4SKVScy4ilPPW6rFgMgfuZJPNoDuMs3nC1HbMUycBoJw77xFIp6z1UJQJOfx6C9GMH80DiTw==}
    dev: false

  /source-map/0.1.34:
    resolution: {integrity: sha1-p8/omux7FoLDsZjQrPtH19CQVms=}
    engines: {node: '>=0.8.0'}
    dependencies:
      amdefine: 1.0.1
    dev: false

  /source-map/0.5.7:
    resolution: {integrity: sha1-igOdLRAh0i0eoUyA2OpGi6LvP8w=}
    engines: {node: '>=0.10.0'}
    dev: false

  /source-map/0.6.1:
    resolution: {integrity: sha512-UjgapumWlbMhkBgzT7Ykc5YXUT46F0iKu8SGXq0bcwP5dz/h0Plj6enJqjz1Zbq2l5WaqYnrVbwWOWMyF3F47g==}
    engines: {node: '>=0.10.0'}
    dev: false

  /source-map/0.7.3:
    resolution: {integrity: sha512-CkCj6giN3S+n9qrYiBTX5gystlENnRW5jZeNLHpe6aue+SrHcG5VYwujhW9s4dY31mEGsxBDrHR6oI69fTXsaQ==}
    engines: {node: '>= 8'}
    dev: false

  /sprintf-js/1.0.3:
    resolution: {integrity: sha1-BOaSb2YolTVPPdAVIDYzuFcpfiw=}
    dev: false

  /sprintf-js/1.1.2:
    resolution: {integrity: sha512-VE0SOVEHCk7Qc8ulkWw3ntAzXuqf7S2lvwQaDLRnUeIEaKNQJzV6BwmLKhOqT61aGhfUMrXeaBk+oDGCzvhcug==}
    dev: false

  /statuses/1.5.0:
    resolution: {integrity: sha1-Fhx9rBd2Wf2YEfQ3cfqZOBR4Yow=}
    engines: {node: '>= 0.6'}
    dev: false

  /strip-ansi/6.0.0:
    resolution: {integrity: sha512-AuvKTrTfQNYNIctbR1K/YGTR1756GycPsg7b9bdV9Duqur4gv6aKqHXah67Z8ImS7WEz5QVcOtlfW2rZEugt6w==}
    engines: {node: '>=8'}
    dependencies:
      ansi-regex: 5.0.0
    dev: false

  /strip-indent/3.0.0:
    resolution: {integrity: sha512-laJTa3Jb+VQpaC6DseHhF7dXVqHTfJPCRDaEbid/drOhgitgYku/letMUqOXFoWV0zIIUbjpdH2t+tYj4bQMRQ==}
    engines: {node: '>=8'}
    dependencies:
      min-indent: 1.0.1
    dev: false

  /striptags/3.1.1:
    resolution: {integrity: sha1-yMPn/db7S7OjKjt1LltePjgJPr0=}
    dev: false

  /stylus/0.54.8:
    resolution: {integrity: sha512-vr54Or4BZ7pJafo2mpf0ZcwA74rpuYCZbxrHBsH8kbcXOwSfvBFwsRfpGO5OD5fhG5HDCFW737PKaawI7OqEAg==}
    hasBin: true
    dependencies:
      css-parse: 2.0.0
      debug: 3.1.0
      glob: 7.1.6
      mkdirp: 1.0.4
      safer-buffer: 2.1.2
      sax: 1.2.4
      semver: 6.3.0
      source-map: 0.7.3
    dev: false

  /supports-color/7.2.0:
    resolution: {integrity: sha512-qpCAvRl9stuOHveKsn7HncJRvv501qIacKzQlO/+Lwxc9+0q2wLyv4Dfvt80/DPn2pqOBsJdDiogXGR9+OvwRw==}
    engines: {node: '>=8'}
    dependencies:
      has-flag: 4.0.0
    dev: false

  /swig-extras/0.0.1:
    resolution: {integrity: sha1-tQP+3jcqucJMasaMr2VrzvGHIyg=}
    dependencies:
      markdown: 0.5.0
    dev: false

  /swig-templates/2.0.3:
    resolution: {integrity: sha512-QojPTuZWdpznSZWZDB63/grsZuDwT/7geMeGlftbJXDoYBIZEnTcKvz4iwYDv3SwfPX9/B4RtGRSXNnm3S2wwg==}
    engines: {node: '>=0.10.0'}
    hasBin: true
    dependencies:
      optimist: 0.6.1
      uglify-js: 2.6.0
    dev: false

  /swig/1.4.2:
    resolution: {integrity: sha1-QIXKBFM2kQS11IPihBs5t64aq6U=}
    engines: {node: '>=0.10.0'}
    deprecated: This package is no longer maintained
    hasBin: true
    dependencies:
      optimist: 0.6.1
      uglify-js: 2.4.24
    dev: false

  /text-table/0.2.0:
    resolution: {integrity: sha1-f17oI66AUgfACvLfSoTsP8+lcLQ=}
    dev: false

  /through/2.3.8:
    resolution: {integrity: sha1-DdTJ/6q8NXlgsbckEV1+Doai4fU=}
    dev: false

  /tildify/2.0.0:
    resolution: {integrity: sha512-Cc+OraorugtXNfs50hU9KS369rFXCfgGLpfCfvlc+Ud5u6VWmUQsOAa9HbTvheQdYnrdJqqv1e5oIqXppMYnSw==}
    engines: {node: '>=8'}
    dev: false

  /timsort/0.3.0:
    resolution: {integrity: sha1-QFQRqOfmM5/mTbmiNN4R3DHgK9Q=}
    dev: false

  /tiny-emitter/2.1.0:
    resolution: {integrity: sha512-NB6Dk1A9xgQPMoGqC5CVXn123gWyte215ONT5Pp5a0yt4nlEoO1ZWeCwpncaekPHXO60i47ihFnZPiRPjRMq4Q==}
    dev: false
    optional: true

  /titlecase/1.1.3:
    resolution: {integrity: sha512-pQX4oiemzjBEELPqgK4WE+q0yhAqjp/yzusGtlSJsOuiDys0RQxggepYmo0BuegIDppYS3b3cpdegRwkpyN3hw==}
    hasBin: true
    dev: false

  /to-regex-range/5.0.1:
    resolution: {integrity: sha512-65P7iz6X5yEr1cwcgvQxbbIw7Uk3gOy5dIdtZ4rDveLqhrdJP+Li/Hx6tyK0NEb+2GCyneCMJiGqrADCSNk8sQ==}
    engines: {node: '>=8.0'}
    dependencies:
      is-number: 7.0.0
    dev: false

  /toidentifier/1.0.0:
    resolution: {integrity: sha512-yaOH/Pk/VEhBWWTlhI+qXxDFXlejDGcQipMlyxda9nthulaxLZUNcUqFxokp0vcYnvteJln5FNQDRrxj3YcbVw==}
    engines: {node: '>=0.6'}
    dev: false

  /tslib/2.1.0:
    resolution: {integrity: sha512-hcVC3wYEziELGGmEEXue7D75zbwIIVUMWAVbHItGPx0ziyXxrOMQx4rQEVEV45Ut/1IotuEvwqPopzIOkDMf0A==}
    dev: false

  /uglify-js/2.4.24:
    resolution: {integrity: sha1-+tV1XB4Vd2WLsG/5q25UjJW+vW4=}
    engines: {node: '>=0.4.0'}
    hasBin: true
    dependencies:
      async: 0.2.10
      source-map: 0.1.34
      uglify-to-browserify: 1.0.2
      yargs: 3.5.4
    dev: false

  /uglify-js/2.6.0:
    resolution: {integrity: sha1-JeqhzDVQ45QQzu+v0c+7a20V8AE=}
    engines: {node: '>=0.8.0'}
    hasBin: true
    dependencies:
      async: 0.2.10
      source-map: 0.5.7
      uglify-to-browserify: 1.0.2
      yargs: 3.10.0
    dev: false

  /uglify-to-browserify/1.0.2:
    resolution: {integrity: sha1-bgkk1r2mta/jSeOabWMoUKD4grc=}
    dev: false

  /unpipe/1.0.0:
    resolution: {integrity: sha1-sr9O6FFKrmFltIF4KdIbLvSZBOw=}
    engines: {node: '>= 0.8'}
    dev: false

  /urix/0.1.0:
    resolution: {integrity: sha1-2pN/emLiH+wf0Y1Js1wpNQZ6bHI=}
    deprecated: Please see https://github.com/lydell/urix#deprecated
    dev: false

  /utils-merge/1.0.1:
    resolution: {integrity: sha1-n5VxD1CiZ5R7LMwSR0HBAoQn5xM=}
    engines: {node: '>= 0.4.0'}
    dev: false

  /vary/1.1.2:
    resolution: {integrity: sha1-IpnwLG3tMNSllhsLn3RSShj2NPw=}
    engines: {node: '>= 0.8'}
    dev: false

  /warehouse/4.0.0:
    resolution: {integrity: sha512-9i6/JiHzjnyene5Pvvl2D2Pd18no129YGy0C0P7x18iTz/SeO9nOBioR64XoCy5xKwBKQtl3MU361qpr0V9uXw==}
    engines: {node: '>=10.13.0'}
    dependencies:
      bluebird: 3.7.2
      cuid: 2.1.8
      graceful-fs: 4.2.5
      is-plain-object: 3.0.1
      JSONStream: 1.3.5
      rfdc: 1.2.0
    dev: false

  /which/2.0.2:
    resolution: {integrity: sha512-BLI3Tl1TW3Pvl70l3yq3Y64i+awpwXqsGBYWkkqMtnbXgrMD+yj7rhW0kuEDxzJaYXGjEW5ogapKNMEKNMjibA==}
    engines: {node: '>= 8'}
    hasBin: true
    dependencies:
      isexe: 2.0.0
    dev: false

  /window-size/0.1.0:
    resolution: {integrity: sha1-VDjNLqk7IC76Ohn+iIeu58lPnJ0=}
    engines: {node: '>= 0.8.0'}
    dev: false

  /wordwrap/0.0.2:
    resolution: {integrity: sha1-t5Zpu0LstAn4PVg8rVLKF+qhZD8=}
    engines: {node: '>=0.4.0'}
    dev: false

  /wordwrap/0.0.3:
    resolution: {integrity: sha1-o9XabNXAvAAI03I0u68b7WMFkQc=}
    engines: {node: '>=0.4.0'}
    dev: false

  /wrappy/1.0.2:
    resolution: {integrity: sha1-tSQ9jz7BqjXxNkYFvA0QNuMKtp8=}
    dev: false

  /yargs/3.10.0:
    resolution: {integrity: sha1-9+572FfdfB0tOMDnTvvWgdFDH9E=}
    dependencies:
      camelcase: 1.2.1
      cliui: 2.1.0
      decamelize: 1.2.0
      window-size: 0.1.0
    dev: false

  /yargs/3.5.4:
    resolution: {integrity: sha1-2K/49mXpTDS9JZvevRv68N3TU2E=}
    dependencies:
      camelcase: 1.2.1
      decamelize: 1.2.0
      window-size: 0.1.0
      wordwrap: 0.0.2
    dev: false
